
Microsoft Visual Studio Solution File, Format Version 12.00
# Visual Studio 15
VisualStudioVersion = 15.0.28010.2048
MinimumVisualStudioVersion = 10.0.40219.1
Project("{FAE04EC0-301F-11D3-BF4B-00C04F79EFBC}") = "WeatherOfGujarat", "WeatherOfGujarat\WeatherOfGujarat.csproj", "{1DC10D0E-59F7-4A92-8146-15C635D8D346}"
EndProject
Global
	GlobalSection(SolutionConfigurationPlatforms) = preSolution
		Debug|Any CPU = Debug|Any CPU
		Release|Any CPU = Release|Any CPU
	EndGlobalSection
	GlobalSection(ProjectConfigurationPlatforms) = postSolution
		{1DC10D0E-59F7-4A92-8146-15C635D8D346}.Debug|Any CPU.ActiveCfg = Debug|Any CPU
		{1DC10D0E-59F7-4A92-8146-15C635D8D346}.Debug|Any CPU.Build.0 = Debug|Any CPU
		{1DC10D0E-59F7-4A92-8146-15C635D8D346}.Release|Any CPU.ActiveCfg = Release|Any CPU
		{1DC10D0E-59F7-4A92-8146-15C635D8D346}.Release|Any CPU.Build.0 = Release|Any CPU
	EndGlobalSection
	GlobalSection(SolutionProperties) = preSolution
		HideSolutionNode = FALSE
	EndGlobalSection
	GlobalSection(ExtensibilityGlobals) = postSolution
		SolutionGuid = {FE4B687C-C837-4CAD-96DF-D4626FE93B63}
	EndGlobalSection
EndGlobal
